{
  "name": "zerocase",
  "version": "0.1.6",
  "lockfileVersion": 3,
  "requires": true,
  "packages": {
    "": {
      "name": "zerocase",
      "version": "0.1.6",
      "license": "MIT",
      "dependencies": {
        "@megapixel99/didrun": ">=0.1.0"
      },
      "bin": {
        "zerocase": "js/bin/zerocase.js"
      },
      "engines": {
        "node": ">=20.0.0"
      }
    },
    "node_modules/@megapixel99/didrun": {
      "version": "0.1.3",
      "resolved": "https://registry.npmjs.org/@megapixel99/didrun/-/didrun-0.1.3.tgz",
      "integrity": "sha512-GXqaJOqCxXtpr/fi9+dqaeEBQ/7fy0/4T47aWVfRL1SkCUNpWPQlQ37l5WBi/Z6dbE2qFzDDl2cPzjTM2c5Jng==",
      "license": "MIT",
      "bin": {
        "didrun": "js/bin/didrun.js"
      },
      "engines": {
        "node": ">=20.0.0"
      }
    }
  }
}
