{
  "name": "zerocase",
  "version": "0.1.0",
  "lockfileVersion": 3,
  "requires": true,
  "packages": {
    "": {
      "name": "zerocase",
      "version": "0.1.0",
      "license": "MIT",
      "dependencies": {
        "@megapixel99/didrun": ">=0.1.0"
      },
      "bin": {
        "zerocase": "js/bin/zerocase.js"
      },
      "engines": {
        "node": ">=20.0.0"
      }
    },
    "node_modules/@megapixel99/didrun": {
      "version": "0.1.0",
      "resolved": "https://registry.npmjs.org/@megapixel99/didrun/-/didrun-0.1.0.tgz",
      "integrity": "sha512-QtiAKQCKWp1RZs/g6Yuz746LJUgs/miFIbhx9mk3br+mVNHvdBNjLARwwxSTkP26pVAeqA63xaID87TinoAg+w==",
      "license": "MIT",
      "bin": {
        "didrun": "js/bin/didrun.js"
      },
      "engines": {
        "node": ">=20.0.0"
      }
    }
  }
}
