{
  "name": "zerocase",
  "version": "0.1.6",
  "lockfileVersion": 3,
  "requires": true,
  "packages": {
    "": {
      "name": "zerocase",
      "version": "0.1.6",
      "license": "MIT",
      "dependencies": {
        "@megapixel99/didrun": ">=0.1.0"
      },
      "bin": {
        "zerocase": "js/bin/zerocase.js"
      },
      "engines": {
        "node": ">=20.0.0"
      }
    },
    "node_modules/@megapixel99/didrun": {
      "version": "0.1.5",
      "resolved": "https://registry.npmjs.org/@megapixel99/didrun/-/didrun-0.1.5.tgz",
      "integrity": "sha512-GCicCIDvL4bLRXDVUqrixYvaXpX5us4pflRztfOvV2Hd45PaU2JQzPLJY9QWxu8jAQHHqltQygX/VQdlYJDJ2g==",
      "license": "MIT",
      "bin": {
        "didrun": "js/bin/didrun.js"
      },
      "engines": {
        "node": ">=20.0.0"
      }
    }
  }
}
